{
    "_meta": {
        "hash": {
            "sha256": "6e72a75b36bb531bc3724503c52ed81b39c6f0368da83559696df6775eff460b"
        },
        "pipfile-spec": 6,
        "requires": {
            "python_version": "3.9"
        },
        "sources": [
            {
                "name": "pypi",
                "url": "https://pypi.org/simple",
                "verify_ssl": true
            }
        ]
    },
    "default": {
        "dawg-python": {
            "hashes": [
                "sha256:4941d5df081b8d6fcb4597e073a9f60d5c1ccc9d17cd733e8744d7ecfec94ef3",
                "sha256:4a5e3286e6261cca02f205cfd5516a7ab10190fa30c51c28d345808f595e3421"
            ],
            "version": "==0.7.2"
        },
        "docopt": {
            "hashes": [
                "sha256:49b3a825280bd66b3aa83585ef59c4a8c82f2c8a522dbe754a8bc8d08c85c491"
            ],
            "version": "==0.6.2"
        },
        "pymorphy2": {
            "hashes": [
                "sha256:86c447157dee2eb2341efbe4538e1281a754756ba1aa32da77a89614c58b560c",
                "sha256:a5224ec153cd6920a33961ae636793ad5185143bc8045b3f9a9f8bd62ecacf68"
            ],
            "index": "pypi",
            "version": "==0.9.1"
        },
        "pymorphy2-dicts-ru": {
            "hashes": [
                "sha256:78cad03adca605021abd387a3b2eb515c851b86e94682a1ef2354a2c74fcc196",
                "sha256:9a322a6ee78fd4a5dceead0545c24b9a91687ad5df95cbac1b36f6c36cbb498a"
            ],
            "version": "==2.4.417127.4579844"
        }
    },
    "develop": {}
}
